
Microsoft Visual Studio Solution File, Format Version 12.00
# Visual Studio Version 18
VisualStudioVersion = 18.7.11925.98 stable
MinimumVisualStudioVersion = 10.0.40219.1
Project("{FAE04EC0-301F-11D3-BF4B-00C04F79EFBC}") = "VERA.Web", "VERA.Web\VERA.Web.csproj", "{03B98928-5F06-417A-AD5A-D14C5064456F}"
EndProject
Project("{FAE04EC0-301F-11D3-BF4B-00C04F79EFBC}") = "VERA.Models", "VERA.Models\VERA.Models.csproj", "{23939992-09EB-4132-8E0A-CD4658BD3E42}"
EndProject
Project("{FAE04EC0-301F-11D3-BF4B-00C04F79EFBC}") = "VERA.Data", "VERA.Data\VERA.Data.csproj", "{162EFC29-7956-4183-98E0-1B023296A5E4}"
EndProject
Project("{FAE04EC0-301F-11D3-BF4B-00C04F79EFBC}") = "VERA.Business", "VERA.Business\VERA.Business.csproj", "{67A6A8C1-F5EB-427C-8FFC-A7D96870F865}"
EndProject
Project("{FAE04EC0-301F-11D3-BF4B-00C04F79EFBC}") = "VERA.Tests", "VERA.Tests\VERA.Tests.csproj", "{A0E7D4CB-6285-496E-B916-9BBFB690DCC8}"
EndProject
Global
	GlobalSection(SolutionConfigurationPlatforms) = preSolution
		Debug|Any CPU = Debug|Any CPU
		Release|Any CPU = Release|Any CPU
	EndGlobalSection
	GlobalSection(ProjectConfigurationPlatforms) = postSolution
		{03B98928-5F06-417A-AD5A-D14C5064456F}.Debug|Any CPU.ActiveCfg = Debug|Any CPU
		{03B98928-5F06-417A-AD5A-D14C5064456F}.Debug|Any CPU.Build.0 = Debug|Any CPU
		{03B98928-5F06-417A-AD5A-D14C5064456F}.Release|Any CPU.ActiveCfg = Release|Any CPU
		{03B98928-5F06-417A-AD5A-D14C5064456F}.Release|Any CPU.Build.0 = Release|Any CPU
		{23939992-09EB-4132-8E0A-CD4658BD3E42}.Debug|Any CPU.ActiveCfg = Debug|Any CPU
		{23939992-09EB-4132-8E0A-CD4658BD3E42}.Debug|Any CPU.Build.0 = Debug|Any CPU
		{23939992-09EB-4132-8E0A-CD4658BD3E42}.Release|Any CPU.ActiveCfg = Release|Any CPU
		{23939992-09EB-4132-8E0A-CD4658BD3E42}.Release|Any CPU.Build.0 = Release|Any CPU
		{162EFC29-7956-4183-98E0-1B023296A5E4}.Debug|Any CPU.ActiveCfg = Debug|Any CPU
		{162EFC29-7956-4183-98E0-1B023296A5E4}.Debug|Any CPU.Build.0 = Debug|Any CPU
		{162EFC29-7956-4183-98E0-1B023296A5E4}.Release|Any CPU.ActiveCfg = Release|Any CPU
		{162EFC29-7956-4183-98E0-1B023296A5E4}.Release|Any CPU.Build.0 = Release|Any CPU
		{67A6A8C1-F5EB-427C-8FFC-A7D96870F865}.Debug|Any CPU.ActiveCfg = Debug|Any CPU
		{67A6A8C1-F5EB-427C-8FFC-A7D96870F865}.Debug|Any CPU.Build.0 = Debug|Any CPU
		{67A6A8C1-F5EB-427C-8FFC-A7D96870F865}.Release|Any CPU.ActiveCfg = Release|Any CPU
		{67A6A8C1-F5EB-427C-8FFC-A7D96870F865}.Release|Any CPU.Build.0 = Release|Any CPU
		{A0E7D4CB-6285-496E-B916-9BBFB690DCC8}.Debug|Any CPU.ActiveCfg = Debug|Any CPU
		{A0E7D4CB-6285-496E-B916-9BBFB690DCC8}.Debug|Any CPU.Build.0 = Debug|Any CPU
		{A0E7D4CB-6285-496E-B916-9BBFB690DCC8}.Release|Any CPU.ActiveCfg = Release|Any CPU
		{A0E7D4CB-6285-496E-B916-9BBFB690DCC8}.Release|Any CPU.Build.0 = Release|Any CPU
	EndGlobalSection
	GlobalSection(SolutionProperties) = preSolution
		HideSolutionNode = FALSE
	EndGlobalSection
	GlobalSection(ExtensibilityGlobals) = postSolution
		SolutionGuid = {47D84B58-2FB1-4747-9C52-C3E5E21FD80C}
	EndGlobalSection
EndGlobal
